
Microsoft Visual Studio Solution File, Format Version 12.00
# Visual Studio Version 17
VisualStudioVersion = 17.1.32421.90
MinimumVisualStudioVersion = 10.0.40219.1
Project("{FAE04EC0-301F-11D3-BF4B-00C04F79EFBC}") = "UniversityRegistrationCore", "UniversityRegistrationCore.csproj", "{0B89A17B-FFFB-49A5-9609-58D0C58D84BF}"
EndProject
Global
	GlobalSection(SolutionConfigurationPlatforms) = preSolution
		Debug|Any CPU = Debug|Any CPU
		Release|Any CPU = Release|Any CPU
	EndGlobalSection
	GlobalSection(ProjectConfigurationPlatforms) = postSolution
		{0B89A17B-FFFB-49A5-9609-58D0C58D84BF}.Debug|Any CPU.ActiveCfg = Debug|Any CPU
		{0B89A17B-FFFB-49A5-9609-58D0C58D84BF}.Debug|Any CPU.Build.0 = Debug|Any CPU
		{0B89A17B-FFFB-49A5-9609-58D0C58D84BF}.Release|Any CPU.ActiveCfg = Release|Any CPU
		{0B89A17B-FFFB-49A5-9609-58D0C58D84BF}.Release|Any CPU.Build.0 = Release|Any CPU
	EndGlobalSection
	GlobalSection(SolutionProperties) = preSolution
		HideSolutionNode = FALSE
	EndGlobalSection
	GlobalSection(ExtensibilityGlobals) = postSolution
		SolutionGuid = {DACE1C25-6490-4335-BC02-3E6A79C9780E}
	EndGlobalSection
EndGlobal
